// !$*UTF8*$!
{
	archiveVersion = 1;
	classes = {
	};
	objectVersion = 77;
	objects = {

/* Begin PBXContainerItemProxy section */
		57B9CE7E2CC2E83B00E3B911 /* PBXContainerItemProxy */ = {
			isa = PBXContainerItemProxy;
			containerPortal = 57B9CE5F2CC2E83800E3B911 /* Project object */;
			proxyType = 1;
			remoteGlobalIDString = 57B9CE662CC2E83800E3B911;
			remoteInfo = Cocktails;
		};
		57B9CE882CC2E83B00E3B911 /* PBXContainerItemProxy */ = {
			isa = PBXContainerItemProxy;
			containerPortal = 57B9CE5F2CC2E83800E3B911 /* Project object */;
			proxyType = 1;
			remoteGlobalIDString = 57B9CE662CC2E83800E3B911;
			remoteInfo = Cocktails;
		};
/* End PBXContainerItemProxy section */

/* Begin PBXFileReference section */
		57B9CE672CC2E83800E3B911 /* Cocktails.app */ = {isa = PBXFileReference; explicitFileType = wrapper.application; includeInIndex = 0; path = Cocktails.app; sourceTree = BUILT_PRODUCTS_DIR; };
		57B9CE7D2CC2E83B00E3B911 /* CocktailsTests.xctest */ = {isa = PBXFileReference; explicitFileType = wrapper.cfbundle; includeInIndex = 0; path = CocktailsTests.xctest; sourceTree = BUILT_PRODUCTS_DIR; };
		57B9CE872CC2E83B00E3B911 /* CocktailsUITests.xctest */ = {isa = PBXFileReference; explicitFileType = wrapper.cfbundle; includeInIndex = 0; path = CocktailsUITests.xctest; sourceTree = BUILT_PRODUCTS_DIR; };
/* End PBXFileReference section */

/* Begin PBXFileSystemSynchronizedBuildFileExceptionSet section */
		57B9CE8F2CC2E83B00E3B911 /* Exceptions for "Cocktails" folder in "Cocktails" target */ = {
			isa = PBXFileSystemSynchronizedBuildFileExceptionSet;
			membershipExceptions = (
				Info.plist,
			);
			target = 57B9CE662CC2E83800E3B911 /* Cocktails */;
		};
/* End PBXFileSystemSynchronizedBuildFileExceptionSet section */

/* Begin PBXFileSystemSynchronizedRootGroup section */
		57B9CE692CC2E83800E3B911 /* Cocktails */ = {
			isa = PBXFileSystemSynchronizedRootGroup;
			exceptions = (
				57B9CE8F2CC2E83B00E3B911 /* Exceptions for "Cocktails" folder in "Cocktails" target */,
			);
			path = Cocktails;
			sourceTree = "<group>";
		};
		57B9CE802CC2E83B00E3B911 /* CocktailsTests */ = {
			isa = PBXFileSystemSynchronizedRootGroup;
			path = CocktailsTests;
			sourceTree = "<group>";
		};
		57B9CE8A2CC2E83B00E3B911 /* CocktailsUITests */ = {
			isa = PBXFileSystemSynchronizedRootGroup;
			path = CocktailsUITests;
			sourceTree = "<group>";
		};
/* End PBXFileSystemSynchronizedRootGroup section */

/* Begin PBXFrameworksBuildPhase section */
		57B9CE642CC2E83800E3B911 /* Frameworks */ = {
			isa = PBXFrameworksBuildPhase;
			buildActionMask = 2147483647;
			files = (
			);
			runOnlyForDeploymentPostprocessing = 0;
		};
		57B9CE7A2CC2E83B00E3B911 /* Frameworks */ = {
			isa = PBXFrameworksBuildPhase;
			buildActionMask = 2147483647;
			files = (
			);
			runOnlyForDeploymentPostprocessing = 0;
		};
		57B9CE842CC2E83B00E3B911 /* Frameworks */ = {
			isa = PBXFrameworksBuildPhase;
			buildActionMask = 2147483647;
			files = (
			);
			runOnlyForDeploymentPostprocessing = 0;
		};
/* End PBXFrameworksBuildPhase section */

/* Begin PBXGroup section */
		57B9CE5E2CC2E83800E3B911 = {
			isa = PBXGroup;
			children = (
				57B9CE692CC2E83800E3B911 /* Cocktails */,
				57B9CE802CC2E83B00E3B911 /* CocktailsTests */,
				57B9CE8A2CC2E83B00E3B911 /* CocktailsUITests */,
				57B9CE682CC2E83800E3B911 /* Products */,
			);
			sourceTree = "<group>";
		};
		57B9CE682CC2E83800E3B911 /* Products */ = {
			isa = PBXGroup;
			children = (
				57B9CE672CC2E83800E3B911 /* Cocktails.app */,
				57B9CE7D2CC2E83B00E3B911 /* CocktailsTests.xctest */,
				57B9CE872CC2E83B00E3B911 /* CocktailsUITests.xctest */,
			);
			name = Products;
			sourceTree = "<group>";
		};
/* End PBXGroup section */

/* Begin PBXNativeTarget section */
		57B9CE662CC2E83800E3B911 /* Cocktails */ = {
			isa = PBXNativeTarget;
			buildConfigurationList = 57B9CE902CC2E83B00E3B911 /* Build configuration list for PBXNativeTarget "Cocktails" */;
			buildPhases = (
				57B9CE632CC2E83800E3B911 /* Sources */,
				57B9CE642CC2E83800E3B911 /* Frameworks */,
				57B9CE652CC2E83800E3B911 /* Resources */,
			);
			buildRules = (
			);
			dependencies = (
			);
			fileSystemSynchronizedGroups = (
				57B9CE692CC2E83800E3B911 /* Cocktails */,
			);
			name = Cocktails;
			packageProductDependencies = (
			);
			productName = Cocktails;
			productReference = 57B9CE672CC2E83800E3B911 /* Cocktails.app */;
			productType = "com.apple.product-type.application";
		};
		57B9CE7C2CC2E83B00E3B911 /* CocktailsTests */ = {
			isa = PBXNativeTarget;
			buildConfigurationList = 57B9CE952CC2E83B00E3B911 /* Build configuration list for PBXNativeTarget "CocktailsTests" */;
			buildPhases = (
				57B9CE792CC2E83B00E3B911 /* Sources */,
				57B9CE7A2CC2E83B00E3B911 /* Frameworks */,
				57B9CE7B2CC2E83B00E3B911 /* Resources */,
			);
			buildRules = (
			);
			dependencies = (
				57B9CE7F2CC2E83B00E3B911 /* PBXTargetDependency */,
			);
			fileSystemSynchronizedGroups = (
				57B9CE802CC2E83B00E3B911 /* CocktailsTests */,
			);
			name = CocktailsTests;
			packageProductDependencies = (
			);
			productName = CocktailsTests;
			productReference = 57B9CE7D2CC2E83B00E3B911 /* CocktailsTests.xctest */;
			productType = "com.apple.product-type.bundle.unit-test";
		};
		57B9CE862CC2E83B00E3B911 /* CocktailsUITests */ = {
			isa = PBXNativeTarget;
			buildConfigurationList = 57B9CE982CC2E83B00E3B911 /* Build configuration list for PBXNativeTarget "CocktailsUITests" */;
			buildPhases = (
				57B9CE832CC2E83B00E3B911 /* Sources */,
				57B9CE842CC2E83B00E3B911 /* Frameworks */,
				57B9CE852CC2E83B00E3B911 /* Resources */,
			);
			buildRules = (
			);
			dependencies = (
				57B9CE892CC2E83B00E3B911 /* PBXTargetDependency */,
			);
			fileSystemSynchronizedGroups = (
				57B9CE8A2CC2E83B00E3B911 /* CocktailsUITests */,
			);
			name = CocktailsUITests;
			packageProductDependencies = (
			);
			productName = CocktailsUITests;
			productReference = 57B9CE872CC2E83B00E3B911 /* CocktailsUITests.xctest */;
			productType = "com.apple.product-type.bundle.ui-testing";
		};
/* End PBXNativeTarget section */

/* Begin PBXProject section */
		57B9CE5F2CC2E83800E3B911 /* Project object */ = {
			isa = PBXProject;
			attributes = {
				BuildIndependentTargetsInParallel = 1;
				LastSwiftUpdateCheck = 1600;
				LastUpgradeCheck = 1600;
				TargetAttributes = {
					57B9CE662CC2E83800E3B911 = {
						CreatedOnToolsVersion = 16.0;
					};
					57B9CE7C2CC2E83B00E3B911 = {
						CreatedOnToolsVersion = 16.0;
						TestTargetID = 57B9CE662CC2E83800E3B911;
					};
					57B9CE862CC2E83B00E3B911 = {
						CreatedOnToolsVersion = 16.0;
						TestTargetID = 57B9CE662CC2E83800E3B911;
					};
				};
			};
			buildConfigurationList = 57B9CE622CC2E83800E3B911 /* Build configuration list for PBXProject "Cocktails" */;
			developmentRegion = en;
			hasScannedForEncodings = 0;
			knownRegions = (
				en,
				Base,
			);
			mainGroup = 57B9CE5E2CC2E83800E3B911;
			minimizedProjectReferenceProxies = 1;
			preferredProjectObjectVersion = 77;
			productRefGroup = 57B9CE682CC2E83800E3B911 /* Products */;
			projectDirPath = "";
			projectRoot = "";
			targets = (
				57B9CE662CC2E83800E3B911 /* Cocktails */,
				57B9CE7C2CC2E83B00E3B911 /* CocktailsTests */,
				57B9CE862CC2E83B00E3B911 /* CocktailsUITests */,
			);
		};
/* End PBXProject section */

/* Begin PBXResourcesBuildPhase section */
		57B9CE652CC2E83800E3B911 /* Resources */ = {
			isa = PBXResourcesBuildPhase;
			buildActionMask = 2147483647;
			files = (
			);
			runOnlyForDeploymentPostprocessing = 0;
		};
		57B9CE7B2CC2E83B00E3B911 /* Resources */ = {
			isa = PBXResourcesBuildPhase;
			buildActionMask = 2147483647;
			files = (
			);
			runOnlyForDeploymentPostprocessing = 0;
		};
		57B9CE852CC2E83B00E3B911 /* Resources */ = {
			isa = PBXResourcesBuildPhase;
			buildActionMask = 2147483647;
			files = (
			);
			runOnlyForDeploymentPostprocessing = 0;
		};
/* End PBXResourcesBuildPhase section */

/* Begin PBXSourcesBuildPhase section */
		57B9CE632CC2E83800E3B911 /* Sources */ = {
			isa = PBXSourcesBuildPhase;
			buildActionMask = 2147483647;
			files = (
			);
			runOnlyForDeploymentPostprocessing = 0;
		};
		57B9CE792CC2E83B00E3B911 /* Sources */ = {
			isa = PBXSourcesBuildPhase;
			buildActionMask = 2147483647;
			files = (
			);
			runOnlyForDeploymentPostprocessing = 0;
		};
		57B9CE832CC2E83B00E3B911 /* Sources */ = {
			isa = PBXSourcesBuildPhase;
			buildActionMask = 2147483647;
			files = (
			);
			runOnlyForDeploymentPostprocessing = 0;
		};
/* End PBXSourcesBuildPhase section */

/* Begin PBXTargetDependency section */
		57B9CE7F2CC2E83B00E3B911 /* PBXTargetDependency */ = {
			isa = PBXTargetDependency;
			target = 57B9CE662CC2E83800E3B911 /* Cocktails */;
			targetProxy = 57B9CE7E2CC2E83B00E3B911 /* PBXContainerItemProxy */;
		};
		57B9CE892CC2E83B00E3B911 /* PBXTargetDependency */ = {
			isa = PBXTargetDependency;
			target = 57B9CE662CC2E83800E3B911 /* Cocktails */;
			targetProxy = 57B9CE882CC2E83B00E3B911 /* PBXContainerItemProxy */;
		};
/* End PBXTargetDependency section */

/* Begin XCBuildConfiguration section */
		57B9CE912CC2E83B00E3B911 /* Debug */ = {
			isa = XCBuildConfiguration;
			buildSettings = {
				ASSETCATALOG_COMPILER_APPICON_NAME = AppIcon;
				ASSETCATALOG_COMPILER_GLOBAL_ACCENT_COLOR_NAME = AccentColor;
				CODE_SIGN_STYLE = Automatic;
				CURRENT_PROJECT_VERSION = 1;
				DEVELOPMENT_TEAM = JDARHYT5KG;
				GENERATE_INFOPLIST_FILE = YES;
				INFOPLIST_FILE = Cocktails/Info.plist;
				INFOPLIST_KEY_UIApplicationSupportsIndirectInputEvents = YES;
				INFOPLIST_KEY_UILaunchStoryboardName = LaunchScreen;
				INFOPLIST_KEY_UIMainStoryboardFile = Main;
				INFOPLIST_KEY_UISupportedInterfaceOrientations_iPad = "UIInterfaceOrientationPortrait UIInterfaceOrientationPortraitUpsideDown UIInterfaceOrientationLandscapeLeft UIInterfaceOrientationLandscapeRight";
				INFOPLIST_KEY_UISupportedInterfaceOrientations_iPhone = "UIInterfaceOrientationPortrait UIInterfaceOrientationLandscapeLeft UIInterfaceOrientationLandscapeRight";
				LD_RUNPATH_SEARCH_PATHS = (
					"$(inherited)",
					"@executable_path/Frameworks",
				);
				MARKETING_VERSION = 1.0;
				PRODUCT_BUNDLE_IDENTIFIER = "Kirill-Bakharovsky.Cocktails";
				PRODUCT_NAME = "$(TARGET_NAME)";
				SWIFT_EMIT_LOC_STRINGS = YES;
				SWIFT_VERSION = 5.0;
				TARGETED_DEVICE_FAMILY = "1,2";
			};
			name = Debug;
		};
		57B9CE922CC2E83B00E3B911 /* Release */ = {
			isa = XCBuildConfiguration;
			buildSettings = {
				ASSETCATALOG_COMPILER_APPICON_NAME = AppIcon;
				ASSETCATALOG_COMPILER_GLOBAL_ACCENT_COLOR_NAME = AccentColor;
				CODE_SIGN_STYLE = Automatic;
				CURRENT_PROJECT_VERSION = 1;
				DEVELOPMENT_TEAM = JDARHYT5KG;
				GENERATE_INFOPLIST_FILE = YES;
				INFOPLIST_FILE = Cocktails/Info.plist;
				INFOPLIST_KEY_UIApplicationSupportsIndirectInputEvents = YES;
				INFOPLIST_KEY_UILaunchStoryboardName = LaunchScreen;
				INFOPLIST_KEY_UIMainStoryboardFile = Main;
				INFOPLIST_KEY_UISupportedInterfaceOrientations_iPad = "UIInterfaceOrientationPortrait UIInterfaceOrientationPortraitUpsideDown UIInterfaceOrientationLandscapeLeft UIInterfaceOrientationLandscapeRight";
				INFOPLIST_KEY_UISupportedInterfaceOrientations_iPhone = "UIInterfaceOrientationPortrait UIInterfaceOrientationLandscapeLeft UIInterfaceOrientationLandscapeRight";
				LD_RUNPATH_SEARCH_PATHS = (
					"$(inherited)",
					"@executable_path/Frameworks",
				);
				MARKETING_VERSION = 1.0;
				PRODUCT_BUNDLE_IDENTIFIER = "Kirill-Bakharovsky.Cocktails";
				PRODUCT_NAME = "$(TARGET_NAME)";
				SWIFT_EMIT_LOC_STRINGS = YES;
				SWIFT_VERSION = 5.0;
				TARGETED_DEVICE_FAMILY = "1,2";
			};
			name = Release;
		};
		57B9CE932CC2E83B00E3B911 /* Debug */ = {
			isa = XCBuildConfiguration;
			buildSettings = {
				ALWAYS_SEARCH_USER_PATHS = NO;
				ASSETCATALOG_COMPILER_GENERATE_SWIFT_ASSET_SYMBOL_EXTENSIONS = YES;
				CLANG_ANALYZER_NONNULL = YES;
				CLANG_ANALYZER_NUMBER_OBJECT_CONVERSION = YES_AGGRESSIVE;
				CLANG_CXX_LANGUAGE_STANDARD = "gnu++20";
				CLANG_ENABLE_MODULES = YES;
				CLANG_ENABLE_OBJC_ARC = YES;
				CLANG_ENABLE_OBJC_WEAK = YES;
				CLANG_WARN_BLOCK_CAPTURE_AUTORELEASING = YES;
				CLANG_WARN_BOOL_CONVERSION = YES;
				CLANG_WARN_COMMA = YES;
				CLANG_WARN_CONSTANT_CONVERSION = YES;
				CLANG_WARN_DEPRECATED_OBJC_IMPLEMENTATIONS = YES;
				CLANG_WARN_DIRECT_OBJC_ISA_USAGE = YES_ERROR;
				CLANG_WARN_DOCUMENTATION_COMMENTS = YES;
				CLANG_WARN_EMPTY_BODY = YES;
				CLANG_WARN_ENUM_CONVERSION = YES;
				CLANG_WARN_INFINITE_RECURSION = YES;
				CLANG_WARN_INT_CONVERSION = YES;
				CLANG_WARN_NON_LITERAL_NULL_CONVERSION = YES;
				CLANG_WARN_OBJC_IMPLICIT_RETAIN_SELF = YES;
				CLANG_WARN_OBJC_LITERAL_CONVERSION = YES;
				CLANG_WARN_OBJC_ROOT_CLASS = YES_ERROR;
				CLANG_WARN_QUOTED_INCLUDE_IN_FRAMEWORK_HEADER = YES;
				CLANG_WARN_RANGE_LOOP_ANALYSIS = YES;
				CLANG_WARN_STRICT_PROTOTYPES = YES;
				CLANG_WARN_SUSPICIOUS_MOVE = YES;
				CLANG_WARN_UNGUARDED_AVAILABILITY = YES_AGGRESSIVE;
				CLANG_WARN_UNREACHABLE_CODE = YES;
				CLANG_WARN__DUPLICATE_METHOD_MATCH = YES;
				COPY_PHASE_STRIP = NO;
				DEBUG_INFORMATION_FORMAT = dwarf;
				ENABLE_STRICT_OBJC_MSGSEND = YES;
				ENABLE_TESTABILITY = YES;
				ENABLE_USER_SCRIPT_SANDBOXING = YES;
				GCC_C_LANGUAGE_STANDARD = gnu17;
				GCC_DYNAMIC_NO_PIC = NO;
				GCC_NO_COMMON_BLOCKS = YES;
				GCC_OPTIMIZATION_LEVEL = 0;
				GCC_PREPROCESSOR_DEFINITIONS = (
					"DEBUG=1",
					"$(inherited)",
				);
				GCC_WARN_64_TO_32_BIT_CONVERSION = YES;
				GCC_WARN_ABOUT_RETURN_TYPE = YES_ERROR;
				GCC_WARN_UNDECLARED_SELECTOR = YES;
				GCC_WARN_UNINITIALIZED_AUTOS = YES_AGGRESSIVE;
				GCC_WARN_UNUSED_FUNCTION = YES;
				GCC_WARN_UNUSED_VARIABLE = YES;
				IPHONEOS_DEPLOYMENT_TARGET = 18.0;
				LOCALIZATION_PREFERS_STRING_CATALOGS = YES;
				MTL_ENABLE_DEBUG_INFO = INCLUDE_SOURCE;
				MTL_FAST_MATH = YES;
				ONLY_ACTIVE_ARCH = YES;
				SDKROOT = iphoneos;
				SWIFT_ACTIVE_COMPILATION_CONDITIONS = "DEBUG $(inherited)";
				SWIFT_OPTIMIZATION_LEVEL = "-Onone";
			};
			name = Debug;
		};
		57B9CE942CC2E83B00E3B911 /* Release */ = {
			isa = XCBuildConfiguration;
			buildSettings = {
				ALWAYS_SEARCH_USER_PATHS = NO;
				ASSETCATALOG_COMPILER_GENERATE_SWIFT_ASSET_SYMBOL_EXTENSIONS = YES;
				CLANG_ANALYZER_NONNULL = YES;
				CLANG_ANALYZER_NUMBER_OBJECT_CONVERSION = YES_AGGRESSIVE;
				CLANG_CXX_LANGUAGE_STANDARD = "gnu++20";
				CLANG_ENABLE_MODULES = YES;
				CLANG_ENABLE_OBJC_ARC = YES;
				CLANG_ENABLE_OBJC_WEAK = YES;
				CLANG_WARN_BLOCK_CAPTURE_AUTORELEASING = YES;
				CLANG_WARN_BOOL_CONVERSION = YES;
				CLANG_WARN_COMMA = YES;
				CLANG_WARN_CONSTANT_CONVERSION = YES;
				CLANG_WARN_DEPRECATED_OBJC_IMPLEMENTATIONS = YES;
				CLANG_WARN_DIRECT_OBJC_ISA_USAGE = YES_ERROR;
				CLANG_WARN_DOCUMENTATION_COMMENTS = YES;
				CLANG_WARN_EMPTY_BODY = YES;
				CLANG_WARN_ENUM_CONVERSION = YES;
				CLANG_WARN_INFINITE_RECURSION = YES;
				CLANG_WARN_INT_CONVERSION = YES;
				CLANG_WARN_NON_LITERAL_NULL_CONVERSION = YES;
				CLANG_WARN_OBJC_IMPLICIT_RETAIN_SELF = YES;
				CLANG_WARN_OBJC_LITERAL_CONVERSION = YES;
				CLANG_WARN_OBJC_ROOT_CLASS = YES_ERROR;
				CLANG_WARN_QUOTED_INCLUDE_IN_FRAMEWORK_HEADER = YES;
				CLANG_WARN_RANGE_LOOP_ANALYSIS = YES;
				CLANG_WARN_STRICT_PROTOTYPES = YES;
				CLANG_WARN_SUSPICIOUS_MOVE = YES;
				CLANG_WARN_UNGUARDED_AVAILABILITY = YES_AGGRESSIVE;
				CLANG_WARN_UNREACHABLE_CODE = YES;
				CLANG_WARN__DUPLICATE_METHOD_MATCH = YES;
				COPY_PHASE_STRIP = NO;
				DEBUG_INFORMATION_FORMAT = "dwarf-with-dsym";
				ENABLE_NS_ASSERTIONS = NO;
				ENABLE_STRICT_OBJC_MSGSEND = YES;
				ENABLE_USER_SCRIPT_SANDBOXING = YES;
				GCC_C_LANGUAGE_STANDARD = gnu17;
				GCC_NO_COMMON_BLOCKS = YES;
				GCC_WARN_64_TO_32_BIT_CONVERSION = YES;
				GCC_WARN_ABOUT_RETURN_TYPE = YES_ERROR;
				GCC_WARN_UNDECLARED_SELECTOR = YES;
				GCC_WARN_UNINITIALIZED_AUTOS = YES_AGGRESSIVE;
				GCC_WARN_UNUSED_FUNCTION = YES;
				GCC_WARN_UNUSED_VARIABLE = YES;
				IPHONEOS_DEPLOYMENT_TARGET = 18.0;
				LOCALIZATION_PREFERS_STRING_CATALOGS = YES;
				MTL_ENABLE_DEBUG_INFO = NO;
				MTL_FAST_MATH = YES;
				SDKROOT = iphoneos;
				SWIFT_COMPILATION_MODE = wholemodule;
				VALIDATE_PRODUCT = YES;
			};
			name = Release;
		};
		57B9CE962CC2E83B00E3B911 /* Debug */ = {
			isa = XCBuildConfiguration;
			buildSettings = {
				BUNDLE_LOADER = "$(TEST_HOST)";
				CODE_SIGN_STYLE = Automatic;
				CURRENT_PROJECT_VERSION = 1;
				DEVELOPMENT_TEAM = JDARHYT5KG;
				GENERATE_INFOPLIST_FILE = YES;
				IPHONEOS_DEPLOYMENT_TARGET = 18.0;
				MARKETING_VERSION = 1.0;
				PRODUCT_BUNDLE_IDENTIFIER = "Kirill-Bakharovsky.CocktailsTests";
				PRODUCT_NAME = "$(TARGET_NAME)";
				SWIFT_EMIT_LOC_STRINGS = NO;
				SWIFT_VERSION = 5.0;
				TARGETED_DEVICE_FAMILY = "1,2";
				TEST_HOST = "$(BUILT_PRODUCTS_DIR)/Cocktails.app/$(BUNDLE_EXECUTABLE_FOLDER_PATH)/Cocktails";
			};
			name = Debug;
		};
		57B9CE972CC2E83B00E3B911 /* Release */ = {
			isa = XCBuildConfiguration;
			buildSettings = {
				BUNDLE_LOADER = "$(TEST_HOST)";
				CODE_SIGN_STYLE = Automatic;
				CURRENT_PROJECT_VERSION = 1;
				DEVELOPMENT_TEAM = JDARHYT5KG;
				GENERATE_INFOPLIST_FILE = YES;
				IPHONEOS_DEPLOYMENT_TARGET = 18.0;
				MARKETING_VERSION = 1.0;
				PRODUCT_BUNDLE_IDENTIFIER = "Kirill-Bakharovsky.CocktailsTests";
				PRODUCT_NAME = "$(TARGET_NAME)";
				SWIFT_EMIT_LOC_STRINGS = NO;
				SWIFT_VERSION = 5.0;
				TARGETED_DEVICE_FAMILY = "1,2";
				TEST_HOST = "$(BUILT_PRODUCTS_DIR)/Cocktails.app/$(BUNDLE_EXECUTABLE_FOLDER_PATH)/Cocktails";
			};
			name = Release;
		};
		57B9CE992CC2E83B00E3B911 /* Debug */ = {
			isa = XCBuildConfiguration;
			buildSettings = {
				CODE_SIGN_STYLE = Automatic;
				CURRENT_PROJECT_VERSION = 1;
				DEVELOPMENT_TEAM = JDARHYT5KG;
				GENERATE_INFOPLIST_FILE = YES;
				MARKETING_VERSION = 1.0;
				PRODUCT_BUNDLE_IDENTIFIER = "Kirill-Bakharovsky.CocktailsUITests";
				PRODUCT_NAME = "$(TARGET_NAME)";
				SWIFT_EMIT_LOC_STRINGS = NO;
				SWIFT_VERSION = 5.0;
				TARGETED_DEVICE_FAMILY = "1,2";
				TEST_TARGET_NAME = Cocktails;
			};
			name = Debug;
		};
		57B9CE9A2CC2E83B00E3B911 /* Release */ = {
			isa = XCBuildConfiguration;
			buildSettings = {
				CODE_SIGN_STYLE = Automatic;
				CURRENT_PROJECT_VERSION = 1;
				DEVELOPMENT_TEAM = JDARHYT5KG;
				GENERATE_INFOPLIST_FILE = YES;
				MARKETING_VERSION = 1.0;
				PRODUCT_BUNDLE_IDENTIFIER = "Kirill-Bakharovsky.CocktailsUITests";
				PRODUCT_NAME = "$(TARGET_NAME)";
				SWIFT_EMIT_LOC_STRINGS = NO;
				SWIFT_VERSION = 5.0;
				TARGETED_DEVICE_FAMILY = "1,2";
				TEST_TARGET_NAME = Cocktails;
			};
			name = Release;
		};
/* End XCBuildConfiguration section */

/* Begin XCConfigurationList section */
		57B9CE622CC2E83800E3B911 /* Build configuration list for PBXProject "Cocktails" */ = {
			isa = XCConfigurationList;
			buildConfigurations = (
				57B9CE932CC2E83B00E3B911 /* Debug */,
				57B9CE942CC2E83B00E3B911 /* Release */,
			);
			defaultConfigurationIsVisible = 0;
			defaultConfigurationName = Release;
		};
		57B9CE902CC2E83B00E3B911 /* Build configuration list for PBXNativeTarget "Cocktails" */ = {
			isa = XCConfigurationList;
			buildConfigurations = (
				57B9CE912CC2E83B00E3B911 /* Debug */,
				57B9CE922CC2E83B00E3B911 /* Release */,
			);
			defaultConfigurationIsVisible = 0;
			defaultConfigurationName = Release;
		};
		57B9CE952CC2E83B00E3B911 /* Build configuration list for PBXNativeTarget "CocktailsTests" */ = {
			isa = XCConfigurationList;
			buildConfigurations = (
				57B9CE962CC2E83B00E3B911 /* Debug */,
				57B9CE972CC2E83B00E3B911 /* Release */,
			);
			defaultConfigurationIsVisible = 0;
			defaultConfigurationName = Release;
		};
		57B9CE982CC2E83B00E3B911 /* Build configuration list for PBXNativeTarget "CocktailsUITests" */ = {
			isa = XCConfigurationList;
			buildConfigurations = (
				57B9CE992CC2E83B00E3B911 /* Debug */,
				57B9CE9A2CC2E83B00E3B911 /* Release */,
			);
			defaultConfigurationIsVisible = 0;
			defaultConfigurationName = Release;
		};
/* End XCConfigurationList section */
	};
	rootObject = 57B9CE5F2CC2E83800E3B911 /* Project object */;
}
